// !$*UTF8*$!
{
	archiveVersion = 1;
	classes = {
	};
	objectVersion = 56;
	objects = {

/* Begin PBXBuildFile section */
		D1E3BD232A4AB2300019C5B3 /* SwiftUIAuthTutorialApp.swift in Sources */ = {isa = PBXBuildFile; fileRef = D1E3BD222A4AB2300019C5B3 /* SwiftUIAuthTutorialApp.swift */; };
		D1E3BD252A4AB2300019C5B3 /* ContentView.swift in Sources */ = {isa = PBXBuildFile; fileRef = D1E3BD242A4AB2300019C5B3 /* ContentView.swift */; };
		D1E3BD272A4AB2330019C5B3 /* Assets.xcassets in Resources */ = {isa = PBXBuildFile; fileRef = D1E3BD262A4AB2330019C5B3 /* Assets.xcassets */; };
		D1E3BD2A2A4AB2330019C5B3 /* Preview Assets.xcassets in Resources */ = {isa = PBXBuildFile; fileRef = D1E3BD292A4AB2330019C5B3 /* Preview Assets.xcassets */; };
		D1E3BD342A4AB2340019C5B3 /* SwiftUIAuthTutorialTests.swift in Sources */ = {isa = PBXBuildFile; fileRef = D1E3BD332A4AB2340019C5B3 /* SwiftUIAuthTutorialTests.swift */; };
		D1E3BD3E2A4AB2340019C5B3 /* SwiftUIAuthTutorialUITests.swift in Sources */ = {isa = PBXBuildFile; fileRef = D1E3BD3D2A4AB2340019C5B3 /* SwiftUIAuthTutorialUITests.swift */; };
		D1E3BD402A4AB2340019C5B3 /* SwiftUIAuthTutorialUITestsLaunchTests.swift in Sources */ = {isa = PBXBuildFile; fileRef = D1E3BD3F2A4AB2340019C5B3 /* SwiftUIAuthTutorialUITestsLaunchTests.swift */; };
		D1E3BD542A4AB41D0019C5B3 /* LoginView.swift in Sources */ = {isa = PBXBuildFile; fileRef = D1E3BD532A4AB41D0019C5B3 /* LoginView.swift */; };
		D1E3BD562A4AB7480019C5B3 /* InputView.swift in Sources */ = {isa = PBXBuildFile; fileRef = D1E3BD552A4AB7480019C5B3 /* InputView.swift */; };
		D1E3BD582A4AC26A0019C5B3 /* RegistrationView.swift in Sources */ = {isa = PBXBuildFile; fileRef = D1E3BD572A4AC26A0019C5B3 /* RegistrationView.swift */; };
		D1E3BD5A2A4AC8910019C5B3 /* ProfileView.swift in Sources */ = {isa = PBXBuildFile; fileRef = D1E3BD592A4AC8910019C5B3 /* ProfileView.swift */; };
		D1E3BD5C2A4ACB060019C5B3 /* SettingsRowView.swift in Sources */ = {isa = PBXBuildFile; fileRef = D1E3BD5B2A4ACB060019C5B3 /* SettingsRowView.swift */; };
		D1E3BD5E2A4ACFE00019C5B3 /* User.swift in Sources */ = {isa = PBXBuildFile; fileRef = D1E3BD5D2A4ACFE00019C5B3 /* User.swift */; };
		D1E3BD602A4AD97B0019C5B3 /* GoogleService-Info.plist in Resources */ = {isa = PBXBuildFile; fileRef = D1E3BD5F2A4AD97A0019C5B3 /* GoogleService-Info.plist */; };
		D1E3BD632A4ADA360019C5B3 /* FirebaseAuth in Frameworks */ = {isa = PBXBuildFile; productRef = D1E3BD622A4ADA360019C5B3 /* FirebaseAuth */; };
		D1E3BD652A4ADA360019C5B3 /* FirebaseFirestore in Frameworks */ = {isa = PBXBuildFile; productRef = D1E3BD642A4ADA360019C5B3 /* FirebaseFirestore */; };
		D1E3BD672A4ADA360019C5B3 /* FirebaseFirestoreSwift in Frameworks */ = {isa = PBXBuildFile; productRef = D1E3BD662A4ADA360019C5B3 /* FirebaseFirestoreSwift */; };
		D1E3BD692A4ADA370019C5B3 /* FirebaseStorage in Frameworks */ = {isa = PBXBuildFile; productRef = D1E3BD682A4ADA370019C5B3 /* FirebaseStorage */; };
		D1E3BD6D2A4ADB030019C5B3 /* AuthViewModel.swift in Sources */ = {isa = PBXBuildFile; fileRef = D1E3BD6C2A4ADB030019C5B3 /* AuthViewModel.swift */; };
/* End PBXBuildFile section */

/* Begin PBXContainerItemProxy section */
		D1E3BD302A4AB2340019C5B3 /* PBXContainerItemProxy */ = {
			isa = PBXContainerItemProxy;
			containerPortal = D1E3BD172A4AB2300019C5B3 /* Project object */;
			proxyType = 1;
			remoteGlobalIDString = D1E3BD1E2A4AB2300019C5B3;
			remoteInfo = SwiftUIAuthTutorial;
		};
		D1E3BD3A2A4AB2340019C5B3 /* PBXContainerItemProxy */ = {
			isa = PBXContainerItemProxy;
			containerPortal = D1E3BD172A4AB2300019C5B3 /* Project object */;
			proxyType = 1;
			remoteGlobalIDString = D1E3BD1E2A4AB2300019C5B3;
			remoteInfo = SwiftUIAuthTutorial;
		};
/* End PBXContainerItemProxy section */

/* Begin PBXFileReference section */
		D1E3BD1F2A4AB2300019C5B3 /* SwiftUIAuthTutorial.app */ = {isa = PBXFileReference; explicitFileType = wrapper.application; includeInIndex = 0; path = SwiftUIAuthTutorial.app; sourceTree = BUILT_PRODUCTS_DIR; };
		D1E3BD222A4AB2300019C5B3 /* SwiftUIAuthTutorialApp.swift */ = {isa = PBXFileReference; lastKnownFileType = sourcecode.swift; path = SwiftUIAuthTutorialApp.swift; sourceTree = "<group>"; };
		D1E3BD242A4AB2300019C5B3 /* ContentView.swift */ = {isa = PBXFileReference; lastKnownFileType = sourcecode.swift; path = ContentView.swift; sourceTree = "<group>"; };
		D1E3BD262A4AB2330019C5B3 /* Assets.xcassets */ = {isa = PBXFileReference; lastKnownFileType = folder.assetcatalog; path = Assets.xcassets; sourceTree = "<group>"; };
		D1E3BD292A4AB2330019C5B3 /* Preview Assets.xcassets */ = {isa = PBXFileReference; lastKnownFileType = folder.assetcatalog; path = "Preview Assets.xcassets"; sourceTree = "<group>"; };
		D1E3BD2F2A4AB2340019C5B3 /* SwiftUIAuthTutorialTests.xctest */ = {isa = PBXFileReference; explicitFileType = wrapper.cfbundle; includeInIndex = 0; path = SwiftUIAuthTutorialTests.xctest; sourceTree = BUILT_PRODUCTS_DIR; };
		D1E3BD332A4AB2340019C5B3 /* SwiftUIAuthTutorialTests.swift */ = {isa = PBXFileReference; lastKnownFileType = sourcecode.swift; path = SwiftUIAuthTutorialTests.swift; sourceTree = "<group>"; };
		D1E3BD392A4AB2340019C5B3 /* SwiftUIAuthTutorialUITests.xctest */ = {isa = PBXFileReference; explicitFileType = wrapper.cfbundle; includeInIndex = 0; path = SwiftUIAuthTutorialUITests.xctest; sourceTree = BUILT_PRODUCTS_DIR; };
		D1E3BD3D2A4AB2340019C5B3 /* SwiftUIAuthTutorialUITests.swift */ = {isa = PBXFileReference; lastKnownFileType = sourcecode.swift; path = SwiftUIAuthTutorialUITests.swift; sourceTree = "<group>"; };
		D1E3BD3F2A4AB2340019C5B3 /* SwiftUIAuthTutorialUITestsLaunchTests.swift */ = {isa = PBXFileReference; lastKnownFileType = sourcecode.swift; path = SwiftUIAuthTutorialUITestsLaunchTests.swift; sourceTree = "<group>"; };
		D1E3BD532A4AB41D0019C5B3 /* LoginView.swift */ = {isa = PBXFileReference; lastKnownFileType = sourcecode.swift; path = LoginView.swift; sourceTree = "<group>"; };
		D1E3BD552A4AB7480019C5B3 /* InputView.swift */ = {isa = PBXFileReference; lastKnownFileType = sourcecode.swift; path = InputView.swift; sourceTree = "<group>"; };
		D1E3BD572A4AC26A0019C5B3 /* RegistrationView.swift */ = {isa = PBXFileReference; lastKnownFileType = sourcecode.swift; path = RegistrationView.swift; sourceTree = "<group>"; };
		D1E3BD592A4AC8910019C5B3 /* ProfileView.swift */ = {isa = PBXFileReference; lastKnownFileType = sourcecode.swift; path = ProfileView.swift; sourceTree = "<group>"; };
		D1E3BD5B2A4ACB060019C5B3 /* SettingsRowView.swift */ = {isa = PBXFileReference; lastKnownFileType = sourcecode.swift; path = SettingsRowView.swift; sourceTree = "<group>"; };
		D1E3BD5D2A4ACFE00019C5B3 /* User.swift */ = {isa = PBXFileReference; lastKnownFileType = sourcecode.swift; path = User.swift; sourceTree = "<group>"; };
		D1E3BD5F2A4AD97A0019C5B3 /* GoogleService-Info.plist */ = {isa = PBXFileReference; lastKnownFileType = text.plist; path = "GoogleService-Info.plist"; sourceTree = SOURCE_ROOT; };
		D1E3BD6C2A4ADB030019C5B3 /* AuthViewModel.swift */ = {isa = PBXFileReference; lastKnownFileType = sourcecode.swift; path = AuthViewModel.swift; sourceTree = "<group>"; };
/* End PBXFileReference section */

/* Begin PBXFrameworksBuildPhase section */
		D1E3BD1C2A4AB2300019C5B3 /* Frameworks */ = {
			isa = PBXFrameworksBuildPhase;
			buildActionMask = 2147483647;
			files = (
				D1E3BD632A4ADA360019C5B3 /* FirebaseAuth in Frameworks */,
				D1E3BD692A4ADA370019C5B3 /* FirebaseStorage in Frameworks */,
				D1E3BD652A4ADA360019C5B3 /* FirebaseFirestore in Frameworks */,
				D1E3BD672A4ADA360019C5B3 /* FirebaseFirestoreSwift in Frameworks */,
			);
			runOnlyForDeploymentPostprocessing = 0;
		};
		D1E3BD2C2A4AB2340019C5B3 /* Frameworks */ = {
			isa = PBXFrameworksBuildPhase;
			buildActionMask = 2147483647;
			files = (
			);
			runOnlyForDeploymentPostprocessing = 0;
		};
		D1E3BD362A4AB2340019C5B3 /* Frameworks */ = {
			isa = PBXFrameworksBuildPhase;
			buildActionMask = 2147483647;
			files = (
			);
			runOnlyForDeploymentPostprocessing = 0;
		};
/* End PBXFrameworksBuildPhase section */

/* Begin PBXGroup section */
		D1E3BD162A4AB2300019C5B3 = {
			isa = PBXGroup;
			children = (
				D1E3BD212A4AB2300019C5B3 /* SwiftUIAuthTutorial */,
				D1E3BD322A4AB2340019C5B3 /* SwiftUIAuthTutorialTests */,
				D1E3BD3C2A4AB2340019C5B3 /* SwiftUIAuthTutorialUITests */,
				D1E3BD202A4AB2300019C5B3 /* Products */,
			);
			sourceTree = "<group>";
		};
		D1E3BD202A4AB2300019C5B3 /* Products */ = {
			isa = PBXGroup;
			children = (
				D1E3BD1F2A4AB2300019C5B3 /* SwiftUIAuthTutorial.app */,
				D1E3BD2F2A4AB2340019C5B3 /* SwiftUIAuthTutorialTests.xctest */,
				D1E3BD392A4AB2340019C5B3 /* SwiftUIAuthTutorialUITests.xctest */,
			);
			name = Products;
			sourceTree = "<group>";
		};
		D1E3BD212A4AB2300019C5B3 /* SwiftUIAuthTutorial */ = {
			isa = PBXGroup;
			children = (
				D1E3BD4C2A4AB2700019C5B3 /* App */,
				D1E3BD4D2A4AB2850019C5B3 /* Components */,
				D1E3BD4E2A4AB2A10019C5B3 /* Core */,
				D1E3BD4F2A4AB2DE0019C5B3 /* Model */,
				D1E3BD262A4AB2330019C5B3 /* Assets.xcassets */,
				D1E3BD5F2A4AD97A0019C5B3 /* GoogleService-Info.plist */,
				D1E3BD282A4AB2330019C5B3 /* Preview Content */,
			);
			path = SwiftUIAuthTutorial;
			sourceTree = "<group>";
		};
		D1E3BD282A4AB2330019C5B3 /* Preview Content */ = {
			isa = PBXGroup;
			children = (
				D1E3BD292A4AB2330019C5B3 /* Preview Assets.xcassets */,
			);
			path = "Preview Content";
			sourceTree = "<group>";
		};
		D1E3BD322A4AB2340019C5B3 /* SwiftUIAuthTutorialTests */ = {
			isa = PBXGroup;
			children = (
				D1E3BD332A4AB2340019C5B3 /* SwiftUIAuthTutorialTests.swift */,
			);
			path = SwiftUIAuthTutorialTests;
			sourceTree = "<group>";
		};
		D1E3BD3C2A4AB2340019C5B3 /* SwiftUIAuthTutorialUITests */ = {
			isa = PBXGroup;
			children = (
				D1E3BD3D2A4AB2340019C5B3 /* SwiftUIAuthTutorialUITests.swift */,
				D1E3BD3F2A4AB2340019C5B3 /* SwiftUIAuthTutorialUITestsLaunchTests.swift */,
			);
			path = SwiftUIAuthTutorialUITests;
			sourceTree = "<group>";
		};
		D1E3BD4C2A4AB2700019C5B3 /* App */ = {
			isa = PBXGroup;
			children = (
				D1E3BD222A4AB2300019C5B3 /* SwiftUIAuthTutorialApp.swift */,
			);
			path = App;
			sourceTree = "<group>";
		};
		D1E3BD4D2A4AB2850019C5B3 /* Components */ = {
			isa = PBXGroup;
			children = (
				D1E3BD552A4AB7480019C5B3 /* InputView.swift */,
				D1E3BD5B2A4ACB060019C5B3 /* SettingsRowView.swift */,
			);
			path = Components;
			sourceTree = "<group>";
		};
		D1E3BD4E2A4AB2A10019C5B3 /* Core */ = {
			isa = PBXGroup;
			children = (
				D1E3BD512A4AB3620019C5B3 /* Authentication */,
				D1E3BD522A4AB3AC0019C5B3 /* Profile */,
				D1E3BD502A4AB3410019C5B3 /* Root */,
			);
			path = Core;
			sourceTree = "<group>";
		};
		D1E3BD4F2A4AB2DE0019C5B3 /* Model */ = {
			isa = PBXGroup;
			children = (
				D1E3BD5D2A4ACFE00019C5B3 /* User.swift */,
			);
			path = Model;
			sourceTree = "<group>";
		};
		D1E3BD502A4AB3410019C5B3 /* Root */ = {
			isa = PBXGroup;
			children = (
				D1E3BD242A4AB2300019C5B3 /* ContentView.swift */,
			);
			path = Root;
			sourceTree = "<group>";
		};
		D1E3BD512A4AB3620019C5B3 /* Authentication */ = {
			isa = PBXGroup;
			children = (
				D1E3BD6B2A4ADAA40019C5B3 /* ViewModel */,
				D1E3BD6A2A4ADA7E0019C5B3 /* Views */,
			);
			path = Authentication;
			sourceTree = "<group>";
		};
		D1E3BD522A4AB3AC0019C5B3 /* Profile */ = {
			isa = PBXGroup;
			children = (
				D1E3BD592A4AC8910019C5B3 /* ProfileView.swift */,
			);
			path = Profile;
			sourceTree = "<group>";
		};
		D1E3BD6A2A4ADA7E0019C5B3 /* Views */ = {
			isa = PBXGroup;
			children = (
				D1E3BD532A4AB41D0019C5B3 /* LoginView.swift */,
				D1E3BD572A4AC26A0019C5B3 /* RegistrationView.swift */,
			);
			path = Views;
			sourceTree = "<group>";
		};
		D1E3BD6B2A4ADAA40019C5B3 /* ViewModel */ = {
			isa = PBXGroup;
			children = (
				D1E3BD6C2A4ADB030019C5B3 /* AuthViewModel.swift */,
			);
			path = ViewModel;
			sourceTree = "<group>";
		};
/* End PBXGroup section */

/* Begin PBXNativeTarget section */
		D1E3BD1E2A4AB2300019C5B3 /* SwiftUIAuthTutorial */ = {
			isa = PBXNativeTarget;
			buildConfigurationList = D1E3BD432A4AB2340019C5B3 /* Build configuration list for PBXNativeTarget "SwiftUIAuthTutorial" */;
			buildPhases = (
				D1E3BD1B2A4AB2300019C5B3 /* Sources */,
				D1E3BD1C2A4AB2300019C5B3 /* Frameworks */,
				D1E3BD1D2A4AB2300019C5B3 /* Resources */,
			);
			buildRules = (
			);
			dependencies = (
			);
			name = SwiftUIAuthTutorial;
			packageProductDependencies = (
				D1E3BD622A4ADA360019C5B3 /* FirebaseAuth */,
				D1E3BD642A4ADA360019C5B3 /* FirebaseFirestore */,
				D1E3BD662A4ADA360019C5B3 /* FirebaseFirestoreSwift */,
				D1E3BD682A4ADA370019C5B3 /* FirebaseStorage */,
			);
			productName = SwiftUIAuthTutorial;
			productReference = D1E3BD1F2A4AB2300019C5B3 /* SwiftUIAuthTutorial.app */;
			productType = "com.apple.product-type.application";
		};
		D1E3BD2E2A4AB2340019C5B3 /* SwiftUIAuthTutorialTests */ = {
			isa = PBXNativeTarget;
			buildConfigurationList = D1E3BD462A4AB2340019C5B3 /* Build configuration list for PBXNativeTarget "SwiftUIAuthTutorialTests" */;
			buildPhases = (
				D1E3BD2B2A4AB2340019C5B3 /* Sources */,
				D1E3BD2C2A4AB2340019C5B3 /* Frameworks */,
				D1E3BD2D2A4AB2340019C5B3 /* Resources */,
			);
			buildRules = (
			);
			dependencies = (
				D1E3BD312A4AB2340019C5B3 /* PBXTargetDependency */,
			);
			name = SwiftUIAuthTutorialTests;
			productName = SwiftUIAuthTutorialTests;
			productReference = D1E3BD2F2A4AB2340019C5B3 /* SwiftUIAuthTutorialTests.xctest */;
			productType = "com.apple.product-type.bundle.unit-test";
		};
		D1E3BD382A4AB2340019C5B3 /* SwiftUIAuthTutorialUITests */ = {
			isa = PBXNativeTarget;
			buildConfigurationList = D1E3BD492A4AB2340019C5B3 /* Build configuration list for PBXNativeTarget "SwiftUIAuthTutorialUITests" */;
			buildPhases = (
				D1E3BD352A4AB2340019C5B3 /* Sources */,
				D1E3BD362A4AB2340019C5B3 /* Frameworks */,
				D1E3BD372A4AB2340019C5B3 /* Resources */,
			);
			buildRules = (
			);
			dependencies = (
				D1E3BD3B2A4AB2340019C5B3 /* PBXTargetDependency */,
			);
			name = SwiftUIAuthTutorialUITests;
			productName = SwiftUIAuthTutorialUITests;
			productReference = D1E3BD392A4AB2340019C5B3 /* SwiftUIAuthTutorialUITests.xctest */;
			productType = "com.apple.product-type.bundle.ui-testing";
		};
/* End PBXNativeTarget section */

/* Begin PBXProject section */
		D1E3BD172A4AB2300019C5B3 /* Project object */ = {
			isa = PBXProject;
			attributes = {
				BuildIndependentTargetsInParallel = 1;
				LastSwiftUpdateCheck = 1420;
				LastUpgradeCheck = 1420;
				TargetAttributes = {
					D1E3BD1E2A4AB2300019C5B3 = {
						CreatedOnToolsVersion = 14.2;
					};
					D1E3BD2E2A4AB2340019C5B3 = {
						CreatedOnToolsVersion = 14.2;
						TestTargetID = D1E3BD1E2A4AB2300019C5B3;
					};
					D1E3BD382A4AB2340019C5B3 = {
						CreatedOnToolsVersion = 14.2;
						TestTargetID = D1E3BD1E2A4AB2300019C5B3;
					};
				};
			};
			buildConfigurationList = D1E3BD1A2A4AB2300019C5B3 /* Build configuration list for PBXProject "SwiftUIAuthTutorial" */;
			compatibilityVersion = "Xcode 14.0";
			developmentRegion = en;
			hasScannedForEncodings = 0;
			knownRegions = (
				en,
				Base,
			);
			mainGroup = D1E3BD162A4AB2300019C5B3;
			packageReferences = (
				D1E3BD612A4ADA360019C5B3 /* XCRemoteSwiftPackageReference "firebase-ios-sdk" */,
			);
			productRefGroup = D1E3BD202A4AB2300019C5B3 /* Products */;
			projectDirPath = "";
			projectRoot = "";
			targets = (
				D1E3BD1E2A4AB2300019C5B3 /* SwiftUIAuthTutorial */,
				D1E3BD2E2A4AB2340019C5B3 /* SwiftUIAuthTutorialTests */,
				D1E3BD382A4AB2340019C5B3 /* SwiftUIAuthTutorialUITests */,
			);
		};
/* End PBXProject section */

/* Begin PBXResourcesBuildPhase section */
		D1E3BD1D2A4AB2300019C5B3 /* Resources */ = {
			isa = PBXResourcesBuildPhase;
			buildActionMask = 2147483647;
			files = (
				D1E3BD2A2A4AB2330019C5B3 /* Preview Assets.xcassets in Resources */,
				D1E3BD272A4AB2330019C5B3 /* Assets.xcassets in Resources */,
				D1E3BD602A4AD97B0019C5B3 /* GoogleService-Info.plist in Resources */,
			);
			runOnlyForDeploymentPostprocessing = 0;
		};
		D1E3BD2D2A4AB2340019C5B3 /* Resources */ = {
			isa = PBXResourcesBuildPhase;
			buildActionMask = 2147483647;
			files = (
			);
			runOnlyForDeploymentPostprocessing = 0;
		};
		D1E3BD372A4AB2340019C5B3 /* Resources */ = {
			isa = PBXResourcesBuildPhase;
			buildActionMask = 2147483647;
			files = (
			);
			runOnlyForDeploymentPostprocessing = 0;
		};
/* End PBXResourcesBuildPhase section */

/* Begin PBXSourcesBuildPhase section */
		D1E3BD1B2A4AB2300019C5B3 /* Sources */ = {
			isa = PBXSourcesBuildPhase;
			buildActionMask = 2147483647;
			files = (
				D1E3BD542A4AB41D0019C5B3 /* LoginView.swift in Sources */,
				D1E3BD562A4AB7480019C5B3 /* InputView.swift in Sources */,
				D1E3BD252A4AB2300019C5B3 /* ContentView.swift in Sources */,
				D1E3BD232A4AB2300019C5B3 /* SwiftUIAuthTutorialApp.swift in Sources */,
				D1E3BD5E2A4ACFE00019C5B3 /* User.swift in Sources */,
				D1E3BD5A2A4AC8910019C5B3 /* ProfileView.swift in Sources */,
				D1E3BD582A4AC26A0019C5B3 /* RegistrationView.swift in Sources */,
				D1E3BD5C2A4ACB060019C5B3 /* SettingsRowView.swift in Sources */,
				D1E3BD6D2A4ADB030019C5B3 /* AuthViewModel.swift in Sources */,
			);
			runOnlyForDeploymentPostprocessing = 0;
		};
		D1E3BD2B2A4AB2340019C5B3 /* Sources */ = {
			isa = PBXSourcesBuildPhase;
			buildActionMask = 2147483647;
			files = (
				D1E3BD342A4AB2340019C5B3 /* SwiftUIAuthTutorialTests.swift in Sources */,
			);
			runOnlyForDeploymentPostprocessing = 0;
		};
		D1E3BD352A4AB2340019C5B3 /* Sources */ = {
			isa = PBXSourcesBuildPhase;
			buildActionMask = 2147483647;
			files = (
				D1E3BD402A4AB2340019C5B3 /* SwiftUIAuthTutorialUITestsLaunchTests.swift in Sources */,
				D1E3BD3E2A4AB2340019C5B3 /* SwiftUIAuthTutorialUITests.swift in Sources */,
			);
			runOnlyForDeploymentPostprocessing = 0;
		};
/* End PBXSourcesBuildPhase section */

/* Begin PBXTargetDependency section */
		D1E3BD312A4AB2340019C5B3 /* PBXTargetDependency */ = {
			isa = PBXTargetDependency;
			target = D1E3BD1E2A4AB2300019C5B3 /* SwiftUIAuthTutorial */;
			targetProxy = D1E3BD302A4AB2340019C5B3 /* PBXContainerItemProxy */;
		};
		D1E3BD3B2A4AB2340019C5B3 /* PBXTargetDependency */ = {
			isa = PBXTargetDependency;
			target = D1E3BD1E2A4AB2300019C5B3 /* SwiftUIAuthTutorial */;
			targetProxy = D1E3BD3A2A4AB2340019C5B3 /* PBXContainerItemProxy */;
		};
/* End PBXTargetDependency section */

/* Begin XCBuildConfiguration section */
		D1E3BD412A4AB2340019C5B3 /* Debug */ = {
			isa = XCBuildConfiguration;
			buildSettings = {
				ALWAYS_SEARCH_USER_PATHS = NO;
				CLANG_ANALYZER_NONNULL = YES;
				CLANG_ANALYZER_NUMBER_OBJECT_CONVERSION = YES_AGGRESSIVE;
				CLANG_CXX_LANGUAGE_STANDARD = "gnu++20";
				CLANG_ENABLE_MODULES = YES;
				CLANG_ENABLE_OBJC_ARC = YES;
				CLANG_ENABLE_OBJC_WEAK = YES;
				CLANG_WARN_BLOCK_CAPTURE_AUTORELEASING = YES;
				CLANG_WARN_BOOL_CONVERSION = YES;
				CLANG_WARN_COMMA = YES;
				CLANG_WARN_CONSTANT_CONVERSION = YES;
				CLANG_WARN_DEPRECATED_OBJC_IMPLEMENTATIONS = YES;
				CLANG_WARN_DIRECT_OBJC_ISA_USAGE = YES_ERROR;
				CLANG_WARN_DOCUMENTATION_COMMENTS = YES;
				CLANG_WARN_EMPTY_BODY = YES;
				CLANG_WARN_ENUM_CONVERSION = YES;
				CLANG_WARN_INFINITE_RECURSION = YES;
				CLANG_WARN_INT_CONVERSION = YES;
				CLANG_WARN_NON_LITERAL_NULL_CONVERSION = YES;
				CLANG_WARN_OBJC_IMPLICIT_RETAIN_SELF = YES;
				CLANG_WARN_OBJC_LITERAL_CONVERSION = YES;
				CLANG_WARN_OBJC_ROOT_CLASS = YES_ERROR;
				CLANG_WARN_QUOTED_INCLUDE_IN_FRAMEWORK_HEADER = YES;
				CLANG_WARN_RANGE_LOOP_ANALYSIS = YES;
				CLANG_WARN_STRICT_PROTOTYPES = YES;
				CLANG_WARN_SUSPICIOUS_MOVE = YES;
				CLANG_WARN_UNGUARDED_AVAILABILITY = YES_AGGRESSIVE;
				CLANG_WARN_UNREACHABLE_CODE = YES;
				CLANG_WARN__DUPLICATE_METHOD_MATCH = YES;
				COPY_PHASE_STRIP = NO;
				DEBUG_INFORMATION_FORMAT = dwarf;
				ENABLE_STRICT_OBJC_MSGSEND = YES;
				ENABLE_TESTABILITY = YES;
				GCC_C_LANGUAGE_STANDARD = gnu11;
				GCC_DYNAMIC_NO_PIC = NO;
				GCC_NO_COMMON_BLOCKS = YES;
				GCC_OPTIMIZATION_LEVEL = 0;
				GCC_PREPROCESSOR_DEFINITIONS = (
					"DEBUG=1",
					"$(inherited)",
				);
				GCC_WARN_64_TO_32_BIT_CONVERSION = YES;
				GCC_WARN_ABOUT_RETURN_TYPE = YES_ERROR;
				GCC_WARN_UNDECLARED_SELECTOR = YES;
				GCC_WARN_UNINITIALIZED_AUTOS = YES_AGGRESSIVE;
				GCC_WARN_UNUSED_FUNCTION = YES;
				GCC_WARN_UNUSED_VARIABLE = YES;
				IPHONEOS_DEPLOYMENT_TARGET = 16.2;
				MTL_ENABLE_DEBUG_INFO = INCLUDE_SOURCE;
				MTL_FAST_MATH = YES;
				ONLY_ACTIVE_ARCH = YES;
				SDKROOT = iphoneos;
				SWIFT_ACTIVE_COMPILATION_CONDITIONS = DEBUG;
				SWIFT_OPTIMIZATION_LEVEL = "-Onone";
			};
			name = Debug;
		};
		D1E3BD422A4AB2340019C5B3 /* Release */ = {
			isa = XCBuildConfiguration;
			buildSettings = {
				ALWAYS_SEARCH_USER_PATHS = NO;
				CLANG_ANALYZER_NONNULL = YES;
				CLANG_ANALYZER_NUMBER_OBJECT_CONVERSION = YES_AGGRESSIVE;
				CLANG_CXX_LANGUAGE_STANDARD = "gnu++20";
				CLANG_ENABLE_MODULES = YES;
				CLANG_ENABLE_OBJC_ARC = YES;
				CLANG_ENABLE_OBJC_WEAK = YES;
				CLANG_WARN_BLOCK_CAPTURE_AUTORELEASING = YES;
				CLANG_WARN_BOOL_CONVERSION = YES;
				CLANG_WARN_COMMA = YES;
				CLANG_WARN_CONSTANT_CONVERSION = YES;
				CLANG_WARN_DEPRECATED_OBJC_IMPLEMENTATIONS = YES;
				CLANG_WARN_DIRECT_OBJC_ISA_USAGE = YES_ERROR;
				CLANG_WARN_DOCUMENTATION_COMMENTS = YES;
				CLANG_WARN_EMPTY_BODY = YES;
				CLANG_WARN_ENUM_CONVERSION = YES;
				CLANG_WARN_INFINITE_RECURSION = YES;
				CLANG_WARN_INT_CONVERSION = YES;
				CLANG_WARN_NON_LITERAL_NULL_CONVERSION = YES;
				CLANG_WARN_OBJC_IMPLICIT_RETAIN_SELF = YES;
				CLANG_WARN_OBJC_LITERAL_CONVERSION = YES;
				CLANG_WARN_OBJC_ROOT_CLASS = YES_ERROR;
				CLANG_WARN_QUOTED_INCLUDE_IN_FRAMEWORK_HEADER = YES;
				CLANG_WARN_RANGE_LOOP_ANALYSIS = YES;
				CLANG_WARN_STRICT_PROTOTYPES = YES;
				CLANG_WARN_SUSPICIOUS_MOVE = YES;
				CLANG_WARN_UNGUARDED_AVAILABILITY = YES_AGGRESSIVE;
				CLANG_WARN_UNREACHABLE_CODE = YES;
				CLANG_WARN__DUPLICATE_METHOD_MATCH = YES;
				COPY_PHASE_STRIP = NO;
				DEBUG_INFORMATION_FORMAT = "dwarf-with-dsym";
				ENABLE_NS_ASSERTIONS = NO;
				ENABLE_STRICT_OBJC_MSGSEND = YES;
				GCC_C_LANGUAGE_STANDARD = gnu11;
				GCC_NO_COMMON_BLOCKS = YES;
				GCC_WARN_64_TO_32_BIT_CONVERSION = YES;
				GCC_WARN_ABOUT_RETURN_TYPE = YES_ERROR;
				GCC_WARN_UNDECLARED_SELECTOR = YES;
				GCC_WARN_UNINITIALIZED_AUTOS = YES_AGGRESSIVE;
				GCC_WARN_UNUSED_FUNCTION = YES;
				GCC_WARN_UNUSED_VARIABLE = YES;
				IPHONEOS_DEPLOYMENT_TARGET = 16.2;
				MTL_ENABLE_DEBUG_INFO = NO;
				MTL_FAST_MATH = YES;
				SDKROOT = iphoneos;
				SWIFT_COMPILATION_MODE = wholemodule;
				SWIFT_OPTIMIZATION_LEVEL = "-O";
				VALIDATE_PRODUCT = YES;
			};
			name = Release;
		};
		D1E3BD442A4AB2340019C5B3 /* Debug */ = {
			isa = XCBuildConfiguration;
			buildSettings = {
				ASSETCATALOG_COMPILER_APPICON_NAME = AppIcon;
				ASSETCATALOG_COMPILER_GLOBAL_ACCENT_COLOR_NAME = AccentColor;
				CODE_SIGN_STYLE = Automatic;
				CURRENT_PROJECT_VERSION = 1;
				DEVELOPMENT_ASSET_PATHS = "\"SwiftUIAuthTutorial/Preview Content\"";
				DEVELOPMENT_TEAM = CDH42M232K;
				ENABLE_PREVIEWS = YES;
				GENERATE_INFOPLIST_FILE = YES;
				INFOPLIST_KEY_UIApplicationSceneManifest_Generation = YES;
				INFOPLIST_KEY_UIApplicationSupportsIndirectInputEvents = YES;
				INFOPLIST_KEY_UILaunchScreen_Generation = YES;
				INFOPLIST_KEY_UISupportedInterfaceOrientations_iPad = "UIInterfaceOrientationPortrait UIInterfaceOrientationPortraitUpsideDown UIInterfaceOrientationLandscapeLeft UIInterfaceOrientationLandscapeRight";
				INFOPLIST_KEY_UISupportedInterfaceOrientations_iPhone = "UIInterfaceOrientationPortrait UIInterfaceOrientationLandscapeLeft UIInterfaceOrientationLandscapeRight";
				LD_RUNPATH_SEARCH_PATHS = (
					"$(inherited)",
					"@executable_path/Frameworks",
				);
				MARKETING_VERSION = 1.0;
				PRODUCT_BUNDLE_IDENTIFIER = jkingsbury.SwiftUIAuthTutorial;
				PRODUCT_NAME = "$(TARGET_NAME)";
				SWIFT_EMIT_LOC_STRINGS = YES;
				SWIFT_VERSION = 5.0;
				TARGETED_DEVICE_FAMILY = "1,2";
			};
			name = Debug;
		};
		D1E3BD452A4AB2340019C5B3 /* Release */ = {
			isa = XCBuildConfiguration;
			buildSettings = {
				ASSETCATALOG_COMPILER_APPICON_NAME = AppIcon;
				ASSETCATALOG_COMPILER_GLOBAL_ACCENT_COLOR_NAME = AccentColor;
				CODE_SIGN_STYLE = Automatic;
				CURRENT_PROJECT_VERSION = 1;
				DEVELOPMENT_ASSET_PATHS = "\"SwiftUIAuthTutorial/Preview Content\"";
				DEVELOPMENT_TEAM = CDH42M232K;
				ENABLE_PREVIEWS = YES;
				GENERATE_INFOPLIST_FILE = YES;
				INFOPLIST_KEY_UIApplicationSceneManifest_Generation = YES;
				INFOPLIST_KEY_UIApplicationSupportsIndirectInputEvents = YES;
				INFOPLIST_KEY_UILaunchScreen_Generation = YES;
				INFOPLIST_KEY_UISupportedInterfaceOrientations_iPad = "UIInterfaceOrientationPortrait UIInterfaceOrientationPortraitUpsideDown UIInterfaceOrientationLandscapeLeft UIInterfaceOrientationLandscapeRight";
				INFOPLIST_KEY_UISupportedInterfaceOrientations_iPhone = "UIInterfaceOrientationPortrait UIInterfaceOrientationLandscapeLeft UIInterfaceOrientationLandscapeRight";
				LD_RUNPATH_SEARCH_PATHS = (
					"$(inherited)",
					"@executable_path/Frameworks",
				);
				MARKETING_VERSION = 1.0;
				PRODUCT_BUNDLE_IDENTIFIER = jkingsbury.SwiftUIAuthTutorial;
				PRODUCT_NAME = "$(TARGET_NAME)";
				SWIFT_EMIT_LOC_STRINGS = YES;
				SWIFT_VERSION = 5.0;
				TARGETED_DEVICE_FAMILY = "1,2";
			};
			name = Release;
		};
		D1E3BD472A4AB2340019C5B3 /* Debug */ = {
			isa = XCBuildConfiguration;
			buildSettings = {
				ALWAYS_EMBED_SWIFT_STANDARD_LIBRARIES = YES;
				BUNDLE_LOADER = "$(TEST_HOST)";
				CODE_SIGN_STYLE = Automatic;
				CURRENT_PROJECT_VERSION = 1;
				DEVELOPMENT_TEAM = CDH42M232K;
				GENERATE_INFOPLIST_FILE = YES;
				IPHONEOS_DEPLOYMENT_TARGET = 16.2;
				MARKETING_VERSION = 1.0;
				PRODUCT_BUNDLE_IDENTIFIER = jkingsbury.SwiftUIAuthTutorialTests;
				PRODUCT_NAME = "$(TARGET_NAME)";
				SWIFT_EMIT_LOC_STRINGS = NO;
				SWIFT_VERSION = 5.0;
				TARGETED_DEVICE_FAMILY = "1,2";
				TEST_HOST = "$(BUILT_PRODUCTS_DIR)/SwiftUIAuthTutorial.app/$(BUNDLE_EXECUTABLE_FOLDER_PATH)/SwiftUIAuthTutorial";
			};
			name = Debug;
		};
		D1E3BD482A4AB2340019C5B3 /* Release */ = {
			isa = XCBuildConfiguration;
			buildSettings = {
				ALWAYS_EMBED_SWIFT_STANDARD_LIBRARIES = YES;
				BUNDLE_LOADER = "$(TEST_HOST)";
				CODE_SIGN_STYLE = Automatic;
				CURRENT_PROJECT_VERSION = 1;
				DEVELOPMENT_TEAM = CDH42M232K;
				GENERATE_INFOPLIST_FILE = YES;
				IPHONEOS_DEPLOYMENT_TARGET = 16.2;
				MARKETING_VERSION = 1.0;
				PRODUCT_BUNDLE_IDENTIFIER = jkingsbury.SwiftUIAuthTutorialTests;
				PRODUCT_NAME = "$(TARGET_NAME)";
				SWIFT_EMIT_LOC_STRINGS = NO;
				SWIFT_VERSION = 5.0;
				TARGETED_DEVICE_FAMILY = "1,2";
				TEST_HOST = "$(BUILT_PRODUCTS_DIR)/SwiftUIAuthTutorial.app/$(BUNDLE_EXECUTABLE_FOLDER_PATH)/SwiftUIAuthTutorial";
			};
			name = Release;
		};
		D1E3BD4A2A4AB2340019C5B3 /* Debug */ = {
			isa = XCBuildConfiguration;
			buildSettings = {
				ALWAYS_EMBED_SWIFT_STANDARD_LIBRARIES = YES;
				CODE_SIGN_STYLE = Automatic;
				CURRENT_PROJECT_VERSION = 1;
				DEVELOPMENT_TEAM = CDH42M232K;
				GENERATE_INFOPLIST_FILE = YES;
				MARKETING_VERSION = 1.0;
				PRODUCT_BUNDLE_IDENTIFIER = jkingsbury.SwiftUIAuthTutorialUITests;
				PRODUCT_NAME = "$(TARGET_NAME)";
				SWIFT_EMIT_LOC_STRINGS = NO;
				SWIFT_VERSION = 5.0;
				TARGETED_DEVICE_FAMILY = "1,2";
				TEST_TARGET_NAME = SwiftUIAuthTutorial;
			};
			name = Debug;
		};
		D1E3BD4B2A4AB2340019C5B3 /* Release */ = {
			isa = XCBuildConfiguration;
			buildSettings = {
				ALWAYS_EMBED_SWIFT_STANDARD_LIBRARIES = YES;
				CODE_SIGN_STYLE = Automatic;
				CURRENT_PROJECT_VERSION = 1;
				DEVELOPMENT_TEAM = CDH42M232K;
				GENERATE_INFOPLIST_FILE = YES;
				MARKETING_VERSION = 1.0;
				PRODUCT_BUNDLE_IDENTIFIER = jkingsbury.SwiftUIAuthTutorialUITests;
				PRODUCT_NAME = "$(TARGET_NAME)";
				SWIFT_EMIT_LOC_STRINGS = NO;
				SWIFT_VERSION = 5.0;
				TARGETED_DEVICE_FAMILY = "1,2";
				TEST_TARGET_NAME = SwiftUIAuthTutorial;
			};
			name = Release;
		};
/* End XCBuildConfiguration section */

/* Begin XCConfigurationList section */
		D1E3BD1A2A4AB2300019C5B3 /* Build configuration list for PBXProject "SwiftUIAuthTutorial" */ = {
			isa = XCConfigurationList;
			buildConfigurations = (
				D1E3BD412A4AB2340019C5B3 /* Debug */,
				D1E3BD422A4AB2340019C5B3 /* Release */,
			);
			defaultConfigurationIsVisible = 0;
			defaultConfigurationName = Release;
		};
		D1E3BD432A4AB2340019C5B3 /* Build configuration list for PBXNativeTarget "SwiftUIAuthTutorial" */ = {
			isa = XCConfigurationList;
			buildConfigurations = (
				D1E3BD442A4AB2340019C5B3 /* Debug */,
				D1E3BD452A4AB2340019C5B3 /* Release */,
			);
			defaultConfigurationIsVisible = 0;
			defaultConfigurationName = Release;
		};
		D1E3BD462A4AB2340019C5B3 /* Build configuration list for PBXNativeTarget "SwiftUIAuthTutorialTests" */ = {
			isa = XCConfigurationList;
			buildConfigurations = (
				D1E3BD472A4AB2340019C5B3 /* Debug */,
				D1E3BD482A4AB2340019C5B3 /* Release */,
			);
			defaultConfigurationIsVisible = 0;
			defaultConfigurationName = Release;
		};
		D1E3BD492A4AB2340019C5B3 /* Build configuration list for PBXNativeTarget "SwiftUIAuthTutorialUITests" */ = {
			isa = XCConfigurationList;
			buildConfigurations = (
				D1E3BD4A2A4AB2340019C5B3 /* Debug */,
				D1E3BD4B2A4AB2340019C5B3 /* Release */,
			);
			defaultConfigurationIsVisible = 0;
			defaultConfigurationName = Release;
		};
/* End XCConfigurationList section */

/* Begin XCRemoteSwiftPackageReference section */
		D1E3BD612A4ADA360019C5B3 /* XCRemoteSwiftPackageReference "firebase-ios-sdk" */ = {
			isa = XCRemoteSwiftPackageReference;
			repositoryURL = "https://github.com/firebase/firebase-ios-sdk";
			requirement = {
				branch = master;
				kind = branch;
			};
		};
/* End XCRemoteSwiftPackageReference section */

/* Begin XCSwiftPackageProductDependency section */
		D1E3BD622A4ADA360019C5B3 /* FirebaseAuth */ = {
			isa = XCSwiftPackageProductDependency;
			package = D1E3BD612A4ADA360019C5B3 /* XCRemoteSwiftPackageReference "firebase-ios-sdk" */;
			productName = FirebaseAuth;
		};
		D1E3BD642A4ADA360019C5B3 /* FirebaseFirestore */ = {
			isa = XCSwiftPackageProductDependency;
			package = D1E3BD612A4ADA360019C5B3 /* XCRemoteSwiftPackageReference "firebase-ios-sdk" */;
			productName = FirebaseFirestore;
		};
		D1E3BD662A4ADA360019C5B3 /* FirebaseFirestoreSwift */ = {
			isa = XCSwiftPackageProductDependency;
			package = D1E3BD612A4ADA360019C5B3 /* XCRemoteSwiftPackageReference "firebase-ios-sdk" */;
			productName = FirebaseFirestoreSwift;
		};
		D1E3BD682A4ADA370019C5B3 /* FirebaseStorage */ = {
			isa = XCSwiftPackageProductDependency;
			package = D1E3BD612A4ADA360019C5B3 /* XCRemoteSwiftPackageReference "firebase-ios-sdk" */;
			productName = FirebaseStorage;
		};
/* End XCSwiftPackageProductDependency section */
	};
	rootObject = D1E3BD172A4AB2300019C5B3 /* Project object */;
}
